
Microsoft Visual Studio Solution File, Format Version 12.00
# Visual Studio Version 16
VisualStudioVersion = 16.0.30611.23
MinimumVisualStudioVersion = 10.0.40219.1
Project("{9A19103F-16F7-4668-BE54-9A1E7A4F7556}") = "EmployeeMiddleware", "POC\EmployeeMiddleware.csproj", "{7E53FFA6-67C1-4D85-B051-710F216F568E}"
EndProject
Project("{FAE04EC0-301F-11D3-BF4B-00C04F79EFBC}") = "EmployeeServer", "EmployeeServer\EmployeeServer.csproj", "{4FFF75F1-1D79-4525-9A8C-3C828C708CCB}"
EndProject
Project("{FAE04EC0-301F-11D3-BF4B-00C04F79EFBC}") = "EmployeeClient", "EmployeeClient\EmployeeClient.csproj", "{593B6CDA-80C6-4D5C-B090-169F61EEC97C}"
EndProject
Global
	GlobalSection(SolutionConfigurationPlatforms) = preSolution
		Debug|Any CPU = Debug|Any CPU
		Release|Any CPU = Release|Any CPU
	EndGlobalSection
	GlobalSection(ProjectConfigurationPlatforms) = postSolution
		{7E53FFA6-67C1-4D85-B051-710F216F568E}.Debug|Any CPU.ActiveCfg = Debug|Any CPU
		{7E53FFA6-67C1-4D85-B051-710F216F568E}.Debug|Any CPU.Build.0 = Debug|Any CPU
		{7E53FFA6-67C1-4D85-B051-710F216F568E}.Release|Any CPU.ActiveCfg = Release|Any CPU
		{7E53FFA6-67C1-4D85-B051-710F216F568E}.Release|Any CPU.Build.0 = Release|Any CPU
		{4FFF75F1-1D79-4525-9A8C-3C828C708CCB}.Debug|Any CPU.ActiveCfg = Debug|Any CPU
		{4FFF75F1-1D79-4525-9A8C-3C828C708CCB}.Debug|Any CPU.Build.0 = Debug|Any CPU
		{4FFF75F1-1D79-4525-9A8C-3C828C708CCB}.Release|Any CPU.ActiveCfg = Release|Any CPU
		{4FFF75F1-1D79-4525-9A8C-3C828C708CCB}.Release|Any CPU.Build.0 = Release|Any CPU
		{593B6CDA-80C6-4D5C-B090-169F61EEC97C}.Debug|Any CPU.ActiveCfg = Debug|Any CPU
		{593B6CDA-80C6-4D5C-B090-169F61EEC97C}.Debug|Any CPU.Build.0 = Debug|Any CPU
		{593B6CDA-80C6-4D5C-B090-169F61EEC97C}.Release|Any CPU.ActiveCfg = Release|Any CPU
		{593B6CDA-80C6-4D5C-B090-169F61EEC97C}.Release|Any CPU.Build.0 = Release|Any CPU
	EndGlobalSection
	GlobalSection(SolutionProperties) = preSolution
		HideSolutionNode = FALSE
	EndGlobalSection
	GlobalSection(ExtensibilityGlobals) = postSolution
		SolutionGuid = {53223F9C-11D5-49B9-B611-3E702C169A84}
	EndGlobalSection
EndGlobal
